
Microsoft Visual Studio Solution File, Format Version 12.00
# Visual Studio 15
VisualStudioVersion = 15.0.28307.271
MinimumVisualStudioVersion = 10.0.40219.1
Project("{FAE04EC0-301F-11D3-BF4B-00C04F79EFBC}") = "EquipmentManager", "EquipmentManager\EquipmentManager.csproj", "{1E862F29-AC85-41DC-B2B3-19DF87D67892}"
EndProject
Project("{FAE04EC0-301F-11D3-BF4B-00C04F79EFBC}") = "Repository", "Repository\Repository.csproj", "{9170FA04-FF19-4947-8E63-E959FA76099B}"
EndProject
Project("{FAE04EC0-301F-11D3-BF4B-00C04F79EFBC}") = "EquipmentManagerVM", "EquipmentManagerVM\EquipmentManagerVM.csproj", "{6FE48D29-5B8A-43F4-A1E2-D1E596164D5A}"
EndProject
Project("{FAE04EC0-301F-11D3-BF4B-00C04F79EFBC}") = "EquipmentManagerM", "EquipmentManagerM\EquipmentManagerM.csproj", "{C33F2094-8917-462C-A326-223CC9E19D69}"
EndProject
Global
	GlobalSection(SolutionConfigurationPlatforms) = preSolution
		Debug|Any CPU = Debug|Any CPU
		Release|Any CPU = Release|Any CPU
	EndGlobalSection
	GlobalSection(ProjectConfigurationPlatforms) = postSolution
		{1E862F29-AC85-41DC-B2B3-19DF87D67892}.Debug|Any CPU.ActiveCfg = Debug|Any CPU
		{1E862F29-AC85-41DC-B2B3-19DF87D67892}.Debug|Any CPU.Build.0 = Debug|Any CPU
		{1E862F29-AC85-41DC-B2B3-19DF87D67892}.Release|Any CPU.ActiveCfg = Release|Any CPU
		{1E862F29-AC85-41DC-B2B3-19DF87D67892}.Release|Any CPU.Build.0 = Release|Any CPU
		{9170FA04-FF19-4947-8E63-E959FA76099B}.Debug|Any CPU.ActiveCfg = Debug|Any CPU
		{9170FA04-FF19-4947-8E63-E959FA76099B}.Debug|Any CPU.Build.0 = Debug|Any CPU
		{9170FA04-FF19-4947-8E63-E959FA76099B}.Release|Any CPU.ActiveCfg = Release|Any CPU
		{9170FA04-FF19-4947-8E63-E959FA76099B}.Release|Any CPU.Build.0 = Release|Any CPU
		{6FE48D29-5B8A-43F4-A1E2-D1E596164D5A}.Debug|Any CPU.ActiveCfg = Debug|Any CPU
		{6FE48D29-5B8A-43F4-A1E2-D1E596164D5A}.Debug|Any CPU.Build.0 = Debug|Any CPU
		{6FE48D29-5B8A-43F4-A1E2-D1E596164D5A}.Release|Any CPU.ActiveCfg = Release|Any CPU
		{6FE48D29-5B8A-43F4-A1E2-D1E596164D5A}.Release|Any CPU.Build.0 = Release|Any CPU
		{C33F2094-8917-462C-A326-223CC9E19D69}.Debug|Any CPU.ActiveCfg = Debug|Any CPU
		{C33F2094-8917-462C-A326-223CC9E19D69}.Debug|Any CPU.Build.0 = Debug|Any CPU
		{C33F2094-8917-462C-A326-223CC9E19D69}.Release|Any CPU.ActiveCfg = Release|Any CPU
		{C33F2094-8917-462C-A326-223CC9E19D69}.Release|Any CPU.Build.0 = Release|Any CPU
	EndGlobalSection
	GlobalSection(SolutionProperties) = preSolution
		HideSolutionNode = FALSE
	EndGlobalSection
	GlobalSection(ExtensibilityGlobals) = postSolution
		SolutionGuid = {6D41397B-E67B-4B6D-8B7F-7C32E3C10181}
	EndGlobalSection
EndGlobal
